
Microsoft Visual Studio Solution File, Format Version 12.00
# Visual Studio Version 16
VisualStudioVersion = 16.0.31205.134
MinimumVisualStudioVersion = 10.0.40219.1
Project("{9A19103F-16F7-4668-BE54-9A1E7A4F7556}") = "Net5SampleEndpoint", "Net5SampleEndpoint\Net5SampleEndpoint.csproj", "{0E619FF9-9BB9-4020-9C72-0DF2D07CCCFC}"
EndProject
Project("{FAE04EC0-301F-11D3-BF4B-00C04F79EFBC}") = "AzureFunctionSampleEndpoint", "AzureFunctionSampleEndpoint\AzureFunctionSampleEndpoint.csproj", "{C9FE0892-79CD-4C14-BC95-DF6E69E7841F}"
EndProject
Global
	GlobalSection(SolutionConfigurationPlatforms) = preSolution
		Debug|Any CPU = Debug|Any CPU
		Release|Any CPU = Release|Any CPU
	EndGlobalSection
	GlobalSection(ProjectConfigurationPlatforms) = postSolution
		{0E619FF9-9BB9-4020-9C72-0DF2D07CCCFC}.Debug|Any CPU.ActiveCfg = Debug|Any CPU
		{0E619FF9-9BB9-4020-9C72-0DF2D07CCCFC}.Debug|Any CPU.Build.0 = Debug|Any CPU
		{0E619FF9-9BB9-4020-9C72-0DF2D07CCCFC}.Release|Any CPU.ActiveCfg = Release|Any CPU
		{0E619FF9-9BB9-4020-9C72-0DF2D07CCCFC}.Release|Any CPU.Build.0 = Release|Any CPU
		{C9FE0892-79CD-4C14-BC95-DF6E69E7841F}.Debug|Any CPU.ActiveCfg = Debug|Any CPU
		{C9FE0892-79CD-4C14-BC95-DF6E69E7841F}.Debug|Any CPU.Build.0 = Debug|Any CPU
		{C9FE0892-79CD-4C14-BC95-DF6E69E7841F}.Release|Any CPU.ActiveCfg = Release|Any CPU
		{C9FE0892-79CD-4C14-BC95-DF6E69E7841F}.Release|Any CPU.Build.0 = Release|Any CPU
	EndGlobalSection
	GlobalSection(SolutionProperties) = preSolution
		HideSolutionNode = FALSE
	EndGlobalSection
	GlobalSection(ExtensibilityGlobals) = postSolution
		SolutionGuid = {4DBEC99D-BDA9-412B-A8E9-C31DF402FC63}
	EndGlobalSection
EndGlobal
